// !$*UTF8*$!
{
	archiveVersion = 1;
	classes = {
	};
	objectVersion = 56;
	objects = {

/* Begin PBXBuildFile section */
		D0B5A7112D114A9E00DE4850 /* buildtrackApp.swift in Sources */ = {isa = PBXBuildFile; fileRef = D0B5A7102D114A9E00DE4850 /* buildtrackApp.swift */; };
		D0B5A7132D114A9E00DE4850 /* ContentView.swift in Sources */ = {isa = PBXBuildFile; fileRef = D0B5A7122D114A9E00DE4850 /* ContentView.swift */; };
		D0B5A7152D114A9F00DE4850 /* Assets.xcassets in Resources */ = {isa = PBXBuildFile; fileRef = D0B5A7142D114A9F00DE4850 /* Assets.xcassets */; };
		D0B5A7182D114A9F00DE4850 /* Preview Assets.xcassets in Resources */ = {isa = PBXBuildFile; fileRef = D0B5A7172D114A9F00DE4850 /* Preview Assets.xcassets */; };
		D0B5A7222D114AE400DE4850 /* Worker.swift in Sources */ = {isa = PBXBuildFile; fileRef = D0B5A7212D114AE400DE4850 /* Worker.swift */; };
		D0B5A7242D114B6700DE4850 /* Work.swift in Sources */ = {isa = PBXBuildFile; fileRef = D0B5A7232D114B6700DE4850 /* Work.swift */; };
		D0B5A7262D11592B00DE4850 /* ModelData.swift in Sources */ = {isa = PBXBuildFile; fileRef = D0B5A7252D11592B00DE4850 /* ModelData.swift */; };
		D0B5A7282D11598200DE4850 /* work_data.json in Resources */ = {isa = PBXBuildFile; fileRef = D0B5A7272D11598200DE4850 /* work_data.json */; };
		D0B5A72A2D115E5400DE4850 /* WorkRow.swift in Sources */ = {isa = PBXBuildFile; fileRef = D0B5A7292D115E5400DE4850 /* WorkRow.swift */; };
		D0B5A72C2D1162AD00DE4850 /* WorkViewModel.swift in Sources */ = {isa = PBXBuildFile; fileRef = D0B5A72B2D1162AD00DE4850 /* WorkViewModel.swift */; };
		D0B5A72E2D119DDC00DE4850 /* WorkDetailView.swift in Sources */ = {isa = PBXBuildFile; fileRef = D0B5A72D2D119DDC00DE4850 /* WorkDetailView.swift */; };
/* End PBXBuildFile section */

/* Begin PBXFileReference section */
		D0B5A70D2D114A9E00DE4850 /* buildtrack.app */ = {isa = PBXFileReference; explicitFileType = wrapper.application; includeInIndex = 0; path = buildtrack.app; sourceTree = BUILT_PRODUCTS_DIR; };
		D0B5A7102D114A9E00DE4850 /* buildtrackApp.swift */ = {isa = PBXFileReference; lastKnownFileType = sourcecode.swift; path = buildtrackApp.swift; sourceTree = "<group>"; };
		D0B5A7122D114A9E00DE4850 /* ContentView.swift */ = {isa = PBXFileReference; lastKnownFileType = sourcecode.swift; path = ContentView.swift; sourceTree = "<group>"; };
		D0B5A7142D114A9F00DE4850 /* Assets.xcassets */ = {isa = PBXFileReference; lastKnownFileType = folder.assetcatalog; path = Assets.xcassets; sourceTree = "<group>"; };
		D0B5A7172D114A9F00DE4850 /* Preview Assets.xcassets */ = {isa = PBXFileReference; lastKnownFileType = folder.assetcatalog; path = "Preview Assets.xcassets"; sourceTree = "<group>"; };
		D0B5A7212D114AE400DE4850 /* Worker.swift */ = {isa = PBXFileReference; lastKnownFileType = sourcecode.swift; path = Worker.swift; sourceTree = "<group>"; };
		D0B5A7232D114B6700DE4850 /* Work.swift */ = {isa = PBXFileReference; lastKnownFileType = sourcecode.swift; path = Work.swift; sourceTree = "<group>"; };
		D0B5A7252D11592B00DE4850 /* ModelData.swift */ = {isa = PBXFileReference; lastKnownFileType = sourcecode.swift; path = ModelData.swift; sourceTree = "<group>"; };
		D0B5A7272D11598200DE4850 /* work_data.json */ = {isa = PBXFileReference; fileEncoding = 4; lastKnownFileType = text.json; path = work_data.json; sourceTree = "<group>"; };
		D0B5A7292D115E5400DE4850 /* WorkRow.swift */ = {isa = PBXFileReference; lastKnownFileType = sourcecode.swift; path = WorkRow.swift; sourceTree = "<group>"; };
		D0B5A72B2D1162AD00DE4850 /* WorkViewModel.swift */ = {isa = PBXFileReference; lastKnownFileType = sourcecode.swift; path = WorkViewModel.swift; sourceTree = "<group>"; };
		D0B5A72D2D119DDC00DE4850 /* WorkDetailView.swift */ = {isa = PBXFileReference; lastKnownFileType = sourcecode.swift; path = WorkDetailView.swift; sourceTree = "<group>"; };
/* End PBXFileReference section */

/* Begin PBXFrameworksBuildPhase section */
		D0B5A70A2D114A9E00DE4850 /* Frameworks */ = {
			isa = PBXFrameworksBuildPhase;
			buildActionMask = 2147483647;
			files = (
			);
			runOnlyForDeploymentPostprocessing = 0;
		};
/* End PBXFrameworksBuildPhase section */

/* Begin PBXGroup section */
		D0B5A7042D114A9E00DE4850 = {
			isa = PBXGroup;
			children = (
				D0B5A70F2D114A9E00DE4850 /* buildtrack */,
				D0B5A70E2D114A9E00DE4850 /* Products */,
			);
			sourceTree = "<group>";
		};
		D0B5A70E2D114A9E00DE4850 /* Products */ = {
			isa = PBXGroup;
			children = (
				D0B5A70D2D114A9E00DE4850 /* buildtrack.app */,
			);
			name = Products;
			sourceTree = "<group>";
		};
		D0B5A70F2D114A9E00DE4850 /* buildtrack */ = {
			isa = PBXGroup;
			children = (
				D0B5A7202D114AC500DE4850 /* View */,
				D0B5A71F2D114AB200DE4850 /* ViewModel */,
				D0B5A71E2D114AA900DE4850 /* Model */,
				D0B5A7102D114A9E00DE4850 /* buildtrackApp.swift */,
				D0B5A7122D114A9E00DE4850 /* ContentView.swift */,
				D0B5A7272D11598200DE4850 /* work_data.json */,
				D0B5A7142D114A9F00DE4850 /* Assets.xcassets */,
				D0B5A7162D114A9F00DE4850 /* Preview Content */,
			);
			path = buildtrack;
			sourceTree = "<group>";
		};
		D0B5A7162D114A9F00DE4850 /* Preview Content */ = {
			isa = PBXGroup;
			children = (
				D0B5A7172D114A9F00DE4850 /* Preview Assets.xcassets */,
			);
			path = "Preview Content";
			sourceTree = "<group>";
		};
		D0B5A71E2D114AA900DE4850 /* Model */ = {
			isa = PBXGroup;
			children = (
				D0B5A7212D114AE400DE4850 /* Worker.swift */,
				D0B5A7232D114B6700DE4850 /* Work.swift */,
			);
			path = Model;
			sourceTree = "<group>";
		};
		D0B5A71F2D114AB200DE4850 /* ViewModel */ = {
			isa = PBXGroup;
			children = (
				D0B5A7252D11592B00DE4850 /* ModelData.swift */,
				D0B5A72B2D1162AD00DE4850 /* WorkViewModel.swift */,
			);
			path = ViewModel;
			sourceTree = "<group>";
		};
		D0B5A7202D114AC500DE4850 /* View */ = {
			isa = PBXGroup;
			children = (
				D0B5A7292D115E5400DE4850 /* WorkRow.swift */,
				D0B5A72D2D119DDC00DE4850 /* WorkDetailView.swift */,
			);
			path = View;
			sourceTree = "<group>";
		};
/* End PBXGroup section */

/* Begin PBXNativeTarget section */
		D0B5A70C2D114A9E00DE4850 /* buildtrack */ = {
			isa = PBXNativeTarget;
			buildConfigurationList = D0B5A71B2D114A9F00DE4850 /* Build configuration list for PBXNativeTarget "buildtrack" */;
			buildPhases = (
				D0B5A7092D114A9E00DE4850 /* Sources */,
				D0B5A70A2D114A9E00DE4850 /* Frameworks */,
				D0B5A70B2D114A9E00DE4850 /* Resources */,
			);
			buildRules = (
			);
			dependencies = (
			);
			name = buildtrack;
			productName = buildtrack;
			productReference = D0B5A70D2D114A9E00DE4850 /* buildtrack.app */;
			productType = "com.apple.product-type.application";
		};
/* End PBXNativeTarget section */

/* Begin PBXProject section */
		D0B5A7052D114A9E00DE4850 /* Project object */ = {
			isa = PBXProject;
			attributes = {
				BuildIndependentTargetsInParallel = 1;
				LastSwiftUpdateCheck = 1530;
				LastUpgradeCheck = 1530;
				TargetAttributes = {
					D0B5A70C2D114A9E00DE4850 = {
						CreatedOnToolsVersion = 15.3;
					};
				};
			};
			buildConfigurationList = D0B5A7082D114A9E00DE4850 /* Build configuration list for PBXProject "buildtrack" */;
			compatibilityVersion = "Xcode 14.0";
			developmentRegion = en;
			hasScannedForEncodings = 0;
			knownRegions = (
				en,
				Base,
			);
			mainGroup = D0B5A7042D114A9E00DE4850;
			productRefGroup = D0B5A70E2D114A9E00DE4850 /* Products */;
			projectDirPath = "";
			projectRoot = "";
			targets = (
				D0B5A70C2D114A9E00DE4850 /* buildtrack */,
			);
		};
/* End PBXProject section */

/* Begin PBXResourcesBuildPhase section */
		D0B5A70B2D114A9E00DE4850 /* Resources */ = {
			isa = PBXResourcesBuildPhase;
			buildActionMask = 2147483647;
			files = (
				D0B5A7182D114A9F00DE4850 /* Preview Assets.xcassets in Resources */,
				D0B5A7282D11598200DE4850 /* work_data.json in Resources */,
				D0B5A7152D114A9F00DE4850 /* Assets.xcassets in Resources */,
			);
			runOnlyForDeploymentPostprocessing = 0;
		};
/* End PBXResourcesBuildPhase section */

/* Begin PBXSourcesBuildPhase section */
		D0B5A7092D114A9E00DE4850 /* Sources */ = {
			isa = PBXSourcesBuildPhase;
			buildActionMask = 2147483647;
			files = (
				D0B5A72E2D119DDC00DE4850 /* WorkDetailView.swift in Sources */,
				D0B5A7132D114A9E00DE4850 /* ContentView.swift in Sources */,
				D0B5A7222D114AE400DE4850 /* Worker.swift in Sources */,
				D0B5A72C2D1162AD00DE4850 /* WorkViewModel.swift in Sources */,
				D0B5A7262D11592B00DE4850 /* ModelData.swift in Sources */,
				D0B5A72A2D115E5400DE4850 /* WorkRow.swift in Sources */,
				D0B5A7112D114A9E00DE4850 /* buildtrackApp.swift in Sources */,
				D0B5A7242D114B6700DE4850 /* Work.swift in Sources */,
			);
			runOnlyForDeploymentPostprocessing = 0;
		};
/* End PBXSourcesBuildPhase section */

/* Begin XCBuildConfiguration section */
		D0B5A7192D114A9F00DE4850 /* Debug */ = {
			isa = XCBuildConfiguration;
			buildSettings = {
				ALWAYS_SEARCH_USER_PATHS = NO;
				ASSETCATALOG_COMPILER_GENERATE_SWIFT_ASSET_SYMBOL_EXTENSIONS = YES;
				CLANG_ANALYZER_NONNULL = YES;
				CLANG_ANALYZER_NUMBER_OBJECT_CONVERSION = YES_AGGRESSIVE;
				CLANG_CXX_LANGUAGE_STANDARD = "gnu++20";
				CLANG_ENABLE_MODULES = YES;
				CLANG_ENABLE_OBJC_ARC = YES;
				CLANG_ENABLE_OBJC_WEAK = YES;
				CLANG_WARN_BLOCK_CAPTURE_AUTORELEASING = YES;
				CLANG_WARN_BOOL_CONVERSION = YES;
				CLANG_WARN_COMMA = YES;
				CLANG_WARN_CONSTANT_CONVERSION = YES;
				CLANG_WARN_DEPRECATED_OBJC_IMPLEMENTATIONS = YES;
				CLANG_WARN_DIRECT_OBJC_ISA_USAGE = YES_ERROR;
				CLANG_WARN_DOCUMENTATION_COMMENTS = YES;
				CLANG_WARN_EMPTY_BODY = YES;
				CLANG_WARN_ENUM_CONVERSION = YES;
				CLANG_WARN_INFINITE_RECURSION = YES;
				CLANG_WARN_INT_CONVERSION = YES;
				CLANG_WARN_NON_LITERAL_NULL_CONVERSION = YES;
				CLANG_WARN_OBJC_IMPLICIT_RETAIN_SELF = YES;
				CLANG_WARN_OBJC_LITERAL_CONVERSION = YES;
				CLANG_WARN_OBJC_ROOT_CLASS = YES_ERROR;
				CLANG_WARN_QUOTED_INCLUDE_IN_FRAMEWORK_HEADER = YES;
				CLANG_WARN_RANGE_LOOP_ANALYSIS = YES;
				CLANG_WARN_STRICT_PROTOTYPES = YES;
				CLANG_WARN_SUSPICIOUS_MOVE = YES;
				CLANG_WARN_UNGUARDED_AVAILABILITY = YES_AGGRESSIVE;
				CLANG_WARN_UNREACHABLE_CODE = YES;
				CLANG_WARN__DUPLICATE_METHOD_MATCH = YES;
				COPY_PHASE_STRIP = NO;
				DEBUG_INFORMATION_FORMAT = dwarf;
				ENABLE_STRICT_OBJC_MSGSEND = YES;
				ENABLE_TESTABILITY = YES;
				ENABLE_USER_SCRIPT_SANDBOXING = YES;
				GCC_C_LANGUAGE_STANDARD = gnu17;
				GCC_DYNAMIC_NO_PIC = NO;
				GCC_NO_COMMON_BLOCKS = YES;
				GCC_OPTIMIZATION_LEVEL = 0;
				GCC_PREPROCESSOR_DEFINITIONS = (
					"DEBUG=1",
					"$(inherited)",
				);
				GCC_WARN_64_TO_32_BIT_CONVERSION = YES;
				GCC_WARN_ABOUT_RETURN_TYPE = YES_ERROR;
				GCC_WARN_UNDECLARED_SELECTOR = YES;
				GCC_WARN_UNINITIALIZED_AUTOS = YES_AGGRESSIVE;
				GCC_WARN_UNUSED_FUNCTION = YES;
				GCC_WARN_UNUSED_VARIABLE = YES;
				IPHONEOS_DEPLOYMENT_TARGET = 17.4;
				LOCALIZATION_PREFERS_STRING_CATALOGS = YES;
				MTL_ENABLE_DEBUG_INFO = INCLUDE_SOURCE;
				MTL_FAST_MATH = YES;
				ONLY_ACTIVE_ARCH = YES;
				SDKROOT = iphoneos;
				SWIFT_ACTIVE_COMPILATION_CONDITIONS = "DEBUG $(inherited)";
				SWIFT_OPTIMIZATION_LEVEL = "-Onone";
			};
			name = Debug;
		};
		D0B5A71A2D114A9F00DE4850 /* Release */ = {
			isa = XCBuildConfiguration;
			buildSettings = {
				ALWAYS_SEARCH_USER_PATHS = NO;
				ASSETCATALOG_COMPILER_GENERATE_SWIFT_ASSET_SYMBOL_EXTENSIONS = YES;
				CLANG_ANALYZER_NONNULL = YES;
				CLANG_ANALYZER_NUMBER_OBJECT_CONVERSION = YES_AGGRESSIVE;
				CLANG_CXX_LANGUAGE_STANDARD = "gnu++20";
				CLANG_ENABLE_MODULES = YES;
				CLANG_ENABLE_OBJC_ARC = YES;
				CLANG_ENABLE_OBJC_WEAK = YES;
				CLANG_WARN_BLOCK_CAPTURE_AUTORELEASING = YES;
				CLANG_WARN_BOOL_CONVERSION = YES;
				CLANG_WARN_COMMA = YES;
				CLANG_WARN_CONSTANT_CONVERSION = YES;
				CLANG_WARN_DEPRECATED_OBJC_IMPLEMENTATIONS = YES;
				CLANG_WARN_DIRECT_OBJC_ISA_USAGE = YES_ERROR;
				CLANG_WARN_DOCUMENTATION_COMMENTS = YES;
				CLANG_WARN_EMPTY_BODY = YES;
				CLANG_WARN_ENUM_CONVERSION = YES;
				CLANG_WARN_INFINITE_RECURSION = YES;
				CLANG_WARN_INT_CONVERSION = YES;
				CLANG_WARN_NON_LITERAL_NULL_CONVERSION = YES;
				CLANG_WARN_OBJC_IMPLICIT_RETAIN_SELF = YES;
				CLANG_WARN_OBJC_LITERAL_CONVERSION = YES;
				CLANG_WARN_OBJC_ROOT_CLASS = YES_ERROR;
				CLANG_WARN_QUOTED_INCLUDE_IN_FRAMEWORK_HEADER = YES;
				CLANG_WARN_RANGE_LOOP_ANALYSIS = YES;
				CLANG_WARN_STRICT_PROTOTYPES = YES;
				CLANG_WARN_SUSPICIOUS_MOVE = YES;
				CLANG_WARN_UNGUARDED_AVAILABILITY = YES_AGGRESSIVE;
				CLANG_WARN_UNREACHABLE_CODE = YES;
				CLANG_WARN__DUPLICATE_METHOD_MATCH = YES;
				COPY_PHASE_STRIP = NO;
				DEBUG_INFORMATION_FORMAT = "dwarf-with-dsym";
				ENABLE_NS_ASSERTIONS = NO;
				ENABLE_STRICT_OBJC_MSGSEND = YES;
				ENABLE_USER_SCRIPT_SANDBOXING = YES;
				GCC_C_LANGUAGE_STANDARD = gnu17;
				GCC_NO_COMMON_BLOCKS = YES;
				GCC_WARN_64_TO_32_BIT_CONVERSION = YES;
				GCC_WARN_ABOUT_RETURN_TYPE = YES_ERROR;
				GCC_WARN_UNDECLARED_SELECTOR = YES;
				GCC_WARN_UNINITIALIZED_AUTOS = YES_AGGRESSIVE;
				GCC_WARN_UNUSED_FUNCTION = YES;
				GCC_WARN_UNUSED_VARIABLE = YES;
				IPHONEOS_DEPLOYMENT_TARGET = 17.4;
				LOCALIZATION_PREFERS_STRING_CATALOGS = YES;
				MTL_ENABLE_DEBUG_INFO = NO;
				MTL_FAST_MATH = YES;
				SDKROOT = iphoneos;
				SWIFT_COMPILATION_MODE = wholemodule;
				VALIDATE_PRODUCT = YES;
			};
			name = Release;
		};
		D0B5A71C2D114A9F00DE4850 /* Debug */ = {
			isa = XCBuildConfiguration;
			buildSettings = {
				ASSETCATALOG_COMPILER_APPICON_NAME = AppIcon;
				ASSETCATALOG_COMPILER_GLOBAL_ACCENT_COLOR_NAME = AccentColor;
				CODE_SIGN_STYLE = Automatic;
				CURRENT_PROJECT_VERSION = 1;
				DEVELOPMENT_ASSET_PATHS = "\"buildtrack/Preview Content\"";
				DEVELOPMENT_TEAM = N4YAVL554H;
				ENABLE_PREVIEWS = YES;
				GENERATE_INFOPLIST_FILE = YES;
				INFOPLIST_KEY_UIApplicationSceneManifest_Generation = YES;
				INFOPLIST_KEY_UIApplicationSupportsIndirectInputEvents = YES;
				INFOPLIST_KEY_UILaunchScreen_Generation = YES;
				INFOPLIST_KEY_UISupportedInterfaceOrientations_iPad = "UIInterfaceOrientationPortrait UIInterfaceOrientationPortraitUpsideDown UIInterfaceOrientationLandscapeLeft UIInterfaceOrientationLandscapeRight";
				INFOPLIST_KEY_UISupportedInterfaceOrientations_iPhone = "UIInterfaceOrientationPortrait UIInterfaceOrientationLandscapeLeft UIInterfaceOrientationLandscapeRight";
				LD_RUNPATH_SEARCH_PATHS = (
					"$(inherited)",
					"@executable_path/Frameworks",
				);
				MARKETING_VERSION = 1.0;
				PRODUCT_BUNDLE_IDENTIFIER = com.personahub.buildtrack;
				PRODUCT_NAME = "$(TARGET_NAME)";
				SUPPORTED_PLATFORMS = "iphoneos iphonesimulator";
				SUPPORTS_MACCATALYST = NO;
				SUPPORTS_MAC_DESIGNED_FOR_IPHONE_IPAD = NO;
				SUPPORTS_XR_DESIGNED_FOR_IPHONE_IPAD = NO;
				SWIFT_EMIT_LOC_STRINGS = YES;
				SWIFT_VERSION = 5.0;
				TARGETED_DEVICE_FAMILY = "1,2";
			};
			name = Debug;
		};
		D0B5A71D2D114A9F00DE4850 /* Release */ = {
			isa = XCBuildConfiguration;
			buildSettings = {
				ASSETCATALOG_COMPILER_APPICON_NAME = AppIcon;
				ASSETCATALOG_COMPILER_GLOBAL_ACCENT_COLOR_NAME = AccentColor;
				CODE_SIGN_STYLE = Automatic;
				CURRENT_PROJECT_VERSION = 1;
				DEVELOPMENT_ASSET_PATHS = "\"buildtrack/Preview Content\"";
				DEVELOPMENT_TEAM = N4YAVL554H;
				ENABLE_PREVIEWS = YES;
				GENERATE_INFOPLIST_FILE = YES;
				INFOPLIST_KEY_UIApplicationSceneManifest_Generation = YES;
				INFOPLIST_KEY_UIApplicationSupportsIndirectInputEvents = YES;
				INFOPLIST_KEY_UILaunchScreen_Generation = YES;
				INFOPLIST_KEY_UISupportedInterfaceOrientations_iPad = "UIInterfaceOrientationPortrait UIInterfaceOrientationPortraitUpsideDown UIInterfaceOrientationLandscapeLeft UIInterfaceOrientationLandscapeRight";
				INFOPLIST_KEY_UISupportedInterfaceOrientations_iPhone = "UIInterfaceOrientationPortrait UIInterfaceOrientationLandscapeLeft UIInterfaceOrientationLandscapeRight";
				LD_RUNPATH_SEARCH_PATHS = (
					"$(inherited)",
					"@executable_path/Frameworks",
				);
				MARKETING_VERSION = 1.0;
				PRODUCT_BUNDLE_IDENTIFIER = com.personahub.buildtrack;
				PRODUCT_NAME = "$(TARGET_NAME)";
				SUPPORTED_PLATFORMS = "iphoneos iphonesimulator";
				SUPPORTS_MACCATALYST = NO;
				SUPPORTS_MAC_DESIGNED_FOR_IPHONE_IPAD = NO;
				SUPPORTS_XR_DESIGNED_FOR_IPHONE_IPAD = NO;
				SWIFT_EMIT_LOC_STRINGS = YES;
				SWIFT_VERSION = 5.0;
				TARGETED_DEVICE_FAMILY = "1,2";
			};
			name = Release;
		};
/* End XCBuildConfiguration section */

/* Begin XCConfigurationList section */
		D0B5A7082D114A9E00DE4850 /* Build configuration list for PBXProject "buildtrack" */ = {
			isa = XCConfigurationList;
			buildConfigurations = (
				D0B5A7192D114A9F00DE4850 /* Debug */,
				D0B5A71A2D114A9F00DE4850 /* Release */,
			);
			defaultConfigurationIsVisible = 0;
			defaultConfigurationName = Release;
		};
		D0B5A71B2D114A9F00DE4850 /* Build configuration list for PBXNativeTarget "buildtrack" */ = {
			isa = XCConfigurationList;
			buildConfigurations = (
				D0B5A71C2D114A9F00DE4850 /* Debug */,
				D0B5A71D2D114A9F00DE4850 /* Release */,
			);
			defaultConfigurationIsVisible = 0;
			defaultConfigurationName = Release;
		};
/* End XCConfigurationList section */
	};
	rootObject = D0B5A7052D114A9E00DE4850 /* Project object */;
}
